
Microsoft Visual Studio Solution File, Format Version 12.00
# Visual Studio Version 16
VisualStudioVersion = 16.0.30225.117
MinimumVisualStudioVersion = 15.0.26124.0
Project("{2150E333-8FDC-42A3-9474-1A3956D46DE8}") = "Distribution", "Distribution", "{8BCE6C94-2E38-4D36-8BB2-48932E234049}"
EndProject
Project("{2150E333-8FDC-42A3-9474-1A3956D46DE8}") = "MSA", "MSA", "{CA087C6A-A47B-4CE1-A44E-B1BA398EB08D}"
EndProject
Project("{2150E333-8FDC-42A3-9474-1A3956D46DE8}") = "AccessToken", "AccessToken", "{FB1A7E4B-3E9B-46C6-9FC9-89E9ADC16649}"
EndProject
Project("{9A19103F-16F7-4668-BE54-9A1E7A4F7556}") = "AccessToken.Api.JwtBearer", "Distribution\MSA\AccessToken\AccessToken.Api.JwtBearer\AccessToken.Api.JwtBearer.csproj", "{43F77D8B-A080-4396-B29C-5D54C4D5C6C3}"
EndProject
Project("{2150E333-8FDC-42A3-9474-1A3956D46DE8}") = "ApiGateway", "ApiGateway", "{A058E02B-EB04-4FB3-BB6F-96BC85282E22}"
EndProject
Project("{9A19103F-16F7-4668-BE54-9A1E7A4F7556}") = "ApiGateway.Api.Authentication.JwtBearer", "Distribution\MSA\ApiGateway\ApiGateway.Api.Authentication.JwtBearer\ApiGateway.Api.Authentication.JwtBearer.csproj", "{84632468-9DB5-4FF8-AA4A-ED123DDC5DD4}"
EndProject
Project("{9A19103F-16F7-4668-BE54-9A1E7A4F7556}") = "ApiGateway.Api.SampleValues", "Distribution\MSA\ApiGateway\ApiGateway.Api.SampleValues\ApiGateway.Api.SampleValues.csproj", "{C11690CD-1D2C-4FED-B49E-3FF6E080BE83}"
EndProject
Project("{9A19103F-16F7-4668-BE54-9A1E7A4F7556}") = "ApiGateway.Clients.MvcAngular", "Distribution\MSA\ApiGateway\ApiGateway.Clients.MvcAngular\ApiGateway.Clients.MvcAngular.csproj", "{F33F7645-3ABE-4EF3-AC54-5BD0B0C82879}"
EndProject
Project("{2150E333-8FDC-42A3-9474-1A3956D46DE8}") = "RemoteFacade", "RemoteFacade", "{2AAF5EE5-B605-4F3A-931B-9F8B0B540E5A}"
EndProject
Project("{2150E333-8FDC-42A3-9474-1A3956D46DE8}") = "Enterprise", "Enterprise", "{D9E12D80-52EF-4768-94D0-4AC98912C88B}"
EndProject
Project("{2150E333-8FDC-42A3-9474-1A3956D46DE8}") = "Cache", "Cache", "{55D3F155-294D-47C6-B1F4-2234BCEE918C}"
EndProject
Project("{2150E333-8FDC-42A3-9474-1A3956D46DE8}") = "Domain", "Domain", "{C8E260AD-CB89-4818-ACA0-DD11B071A0F0}"
EndProject
Project("{9A19103F-16F7-4668-BE54-9A1E7A4F7556}") = "SvaSorcery.Patterns.Enterprise.Domain.TransactionScript", "Enterprise\Domain\SvaSorcery.Patterns.Enterprise.Domain.TransactionScript\SvaSorcery.Patterns.Enterprise.Domain.TransactionScript.csproj", "{B673F91C-4E95-45DE-BA2C-E6C2E6B1D25E}"
EndProject
Project("{9A19103F-16F7-4668-BE54-9A1E7A4F7556}") = "SvaSorcery.Patterns.Enterprise.Domain.TableModule", "Enterprise\Domain\SvaSorcery.Patterns.Enterprise.Domain.TableModule\SvaSorcery.Patterns.Enterprise.Domain.TableModule.csproj", "{16F67DFC-9416-49F7-AB2F-42ADC55C8238}"
EndProject
Project("{2150E333-8FDC-42A3-9474-1A3956D46DE8}") = "DataAccess", "DataAccess", "{D0475AE3-E8CA-48D3-91C7-985F9A06C12D}"
EndProject
Project("{9A19103F-16F7-4668-BE54-9A1E7A4F7556}") = "SvaSorcery.Patterns.Enterprise.DataAccess.TableDataGateway", "Enterprise\DataAccess\SvaSorcery.Patterns.Enterprise.DataAccess.TableDataGateway\SvaSorcery.Patterns.Enterprise.DataAccess.TableDataGateway.csproj", "{7D650DF2-AD3A-42A2-8A13-53CED882B07D}"
EndProject
Project("{9A19103F-16F7-4668-BE54-9A1E7A4F7556}") = "SvaSorcery.Patterns.Enterprise.DataAccess.RowDataGateway", "Enterprise\DataAccess\SvaSorcery.Patterns.Enterprise.DataAccess.RowDataGateway\SvaSorcery.Patterns.Enterprise.DataAccess.RowDataGateway.csproj", "{D5DA5377-8F87-4118-81C0-ED0F6C4C27A6}"
EndProject
Project("{9A19103F-16F7-4668-BE54-9A1E7A4F7556}") = "SvaSorcery.Patterns.Enterprise.DataAccess.DataMapper", "Enterprise\DataAccess\SvaSorcery.Patterns.Enterprise.DataAccess.DataMapper\SvaSorcery.Patterns.Enterprise.DataAccess.DataMapper.csproj", "{0055945A-1936-41B4-9D2E-93975E1B3637}"
EndProject
Project("{9A19103F-16F7-4668-BE54-9A1E7A4F7556}") = "SvaSorcery.Patterns.Enterprise.DataAccess.ActiveRecord", "Enterprise\DataAccess\SvaSorcery.Patterns.Enterprise.DataAccess.ActiveRecord\SvaSorcery.Patterns.Enterprise.DataAccess.ActiveRecord.csproj", "{1D1F63B4-5DFF-4E19-B59A-0E2798717865}"
EndProject
Project("{9A19103F-16F7-4668-BE54-9A1E7A4F7556}") = "SvaSorcery.Patterns.Distribution.RemoteFacade", "Distribution\RemoteFacade\SvaSorcery.Patterns.Distribution.RemoteFacade\SvaSorcery.Patterns.Distribution.RemoteFacade.csproj", "{28575C8C-3CFD-4BD9-9D85-ED2211C0C43A}"
EndProject
Project("{9A19103F-16F7-4668-BE54-9A1E7A4F7556}") = "SvaSorcery.Patterns.Enterprise.Cache", "Enterprise\Cache\SvaSorcery.Patterns.Enterprise.Cache\SvaSorcery.Patterns.Enterprise.Cache.csproj", "{FA90BD61-8D59-4E4C-9A60-1617C2D806FE}"
EndProject
Project("{2150E333-8FDC-42A3-9474-1A3956D46DE8}") = "Resource", "Resource", "{88EECD4E-DF4D-4E1E-ADC5-F00D9BBD0522}"
EndProject
Project("{9A19103F-16F7-4668-BE54-9A1E7A4F7556}") = "SvaSorcery.Patterns.Enterprise.Resource.ResourcePool", "Enterprise\Resource\SvaSorcery.Patterns.Enterprise.Resource.ResourcePool\SvaSorcery.Patterns.Enterprise.Resource.ResourcePool.csproj", "{04EE967F-9EB4-4B9C-B013-7F619335B4A8}"
EndProject
Project("{9A19103F-16F7-4668-BE54-9A1E7A4F7556}") = "SvaSorcery.Patterns.Enterprise.Resource.ResourceTimer", "Enterprise\Resource\SvaSorcery.Patterns.Enterprise.Resource.ResourceTimer\SvaSorcery.Patterns.Enterprise.Resource.ResourceTimer.csproj", "{F40D5904-824F-4EF1-9C22-FCA25171FA12}"
EndProject
Project("{9A19103F-16F7-4668-BE54-9A1E7A4F7556}") = "SvaSorcery.Patterns.Enterprise.Resource.Retryer", "Enterprise\Resource\SvaSorcery.Patterns.Enterprise.Resource.Retryer\SvaSorcery.Patterns.Enterprise.Resource.Retryer.csproj", "{8426E3D8-A976-4D32-8D67-3AECFCB3EBB1}"
EndProject
Project("{2150E333-8FDC-42A3-9474-1A3956D46DE8}") = "ObjectRelationalMapping", "ObjectRelationalMapping", "{24A98A43-08D3-448A-B440-2ECE569BD753}"
EndProject
Project("{9A19103F-16F7-4668-BE54-9A1E7A4F7556}") = "SvaSorcery.Patterns.Enterprise.ORM.UnitOfWork", "Enterprise\ObjectRelationalMapping\SvaSorcery.Patterns.Enterprise.ORM.UnitOfWork\SvaSorcery.Patterns.Enterprise.ORM.UnitOfWork.csproj", "{DAD7B6A3-7D38-4AB9-A095-B5B299F73255}"
EndProject
Project("{9A19103F-16F7-4668-BE54-9A1E7A4F7556}") = "SvaSorcery.Patterns.Enterprise.ORM.IdentityMap", "Enterprise\ObjectRelationalMapping\SvaSorcery.Patterns.Enterprise.ORM.IdentityMap\SvaSorcery.Patterns.Enterprise.ORM.IdentityMap.csproj", "{8EA6E586-576F-43F6-B79B-F3DDDE7ADB70}"
EndProject
Project("{9A19103F-16F7-4668-BE54-9A1E7A4F7556}") = "SvaSorcery.Patterns.Enterprise.ORM.LazyLoad", "Enterprise\ObjectRelationalMapping\SvaSorcery.Patterns.Enterprise.ORM.LazyLoad\SvaSorcery.Patterns.Enterprise.ORM.LazyLoad.csproj", "{C9AE0453-E3FA-461E-9265-4C8D710626DB}"
EndProject
Project("{9A19103F-16F7-4668-BE54-9A1E7A4F7556}") = "SvaSorcery.Patterns.Enterprise.ORM.EmbeddedValue", "Enterprise\ObjectRelationalMapping\SvaSorcery.Patterns.Enterprise.ORM.EmbeddedValue\SvaSorcery.Patterns.Enterprise.ORM.EmbeddedValue.csproj", "{205B8353-0785-4F82-B070-05C40E483011}"
EndProject
Project("{9A19103F-16F7-4668-BE54-9A1E7A4F7556}") = "SvaSorcery.Patterns.Enterprise.ORM.SerializedLob", "Enterprise\ObjectRelationalMapping\SvaSorcery.Patterns.Enterprise.ORM.SerializedLob\SvaSorcery.Patterns.Enterprise.ORM.SerializedLob.csproj", "{85537BF3-384F-44F9-9502-0B394A857607}"
EndProject
Project("{2150E333-8FDC-42A3-9474-1A3956D46DE8}") = "InputOutput", "InputOutput", "{8C0E7B37-D4C0-4B26-9CFE-B19AF8FB6B62}"
EndProject
Project("{9A19103F-16F7-4668-BE54-9A1E7A4F7556}") = "SvaSorcery.Patterns.Enterprise.InputOutput.SelectionFactory", "Enterprise\InputOutput\SvaSorcery.Patterns.Enterprise.InputOutput.SelectionFactory\SvaSorcery.Patterns.Enterprise.InputOutput.SelectionFactory.csproj", "{900A531E-D159-44B8-AB44-88E2D75AAD60}"
EndProject
Project("{9A19103F-16F7-4668-BE54-9A1E7A4F7556}") = "SvaSorcery.Patterns.Enterprise.InputOutput.UpdateFactory", "Enterprise\InputOutput\SvaSorcery.Patterns.Enterprise.InputOutput.UpdateFactory\SvaSorcery.Patterns.Enterprise.InputOutput.UpdateFactory.csproj", "{A2B31CBA-F182-41D4-8305-15B7E31B79EE}"
EndProject
Project("{9A19103F-16F7-4668-BE54-9A1E7A4F7556}") = "VladimirSva.EnterprisePatterns.PagingIterator", "Enterprise\InputOutput\VladimirSva.EnterprisePatterns.PagingIterator\VladimirSva.EnterprisePatterns.PagingIterator.csproj", "{0C51C85F-9AC7-4913-9873-4FC1A42ADF13}"
EndProject
Project("{2150E333-8FDC-42A3-9474-1A3956D46DE8}") = "Presentation", "Presentation", "{51A0BEEE-83BD-4B18-9FC7-32458AD7A44F}"
EndProject
Project("{9A19103F-16F7-4668-BE54-9A1E7A4F7556}") = "SvaSorcery.Patterns.Enterprise.Presentation.Common.Commands", "Enterprise\Presentation\SvaSorcery.Patterns.Enterprise.Presentation.Common.Commands\SvaSorcery.Patterns.Enterprise.Presentation.Common.Commands.csproj", "{7900A50D-4121-48B1-A9CC-5F0C13E4A0A7}"
EndProject
Project("{9A19103F-16F7-4668-BE54-9A1E7A4F7556}") = "SvaSorcery.Patterns.Enterprise.Presentation.Common.Views", "Enterprise\Presentation\SvaSorcery.Patterns.Enterprise.Presentation.Common.Views\SvaSorcery.Patterns.Enterprise.Presentation.Common.Views.csproj", "{4C494BEA-59A5-4627-8426-A7E813265292}"
EndProject
Project("{9A19103F-16F7-4668-BE54-9A1E7A4F7556}") = "SvaSorcery.Patterns.Enterprise.Presentation.AppController", "Enterprise\Presentation\SvaSorcery.Patterns.Enterprise.Presentation.AppController\SvaSorcery.Patterns.Enterprise.Presentation.AppController.csproj", "{E7F2DBFA-F363-45A9-9454-243906092812}"
EndProject
Project("{9A19103F-16F7-4668-BE54-9A1E7A4F7556}") = "SvaSorcery.Patterns.Enterprise.Presentation.FrontController", "Enterprise\Presentation\SvaSorcery.Patterns.Enterprise.Presentation.FrontController\SvaSorcery.Patterns.Enterprise.Presentation.FrontController.csproj", "{D9A38421-3728-40CF-BF10-2A016585F115}"
EndProject
Project("{FAE04EC0-301F-11D3-BF4B-00C04F79EFBC}") = "SvaSorcery.Patterns.Enterprise.Presentation.TransformView", "Enterprise\Presentation\SvaSorcery.Patterns.Enterprise.Presentation.TransformView\SvaSorcery.Patterns.Enterprise.Presentation.TransformView.csproj", "{AE891D0E-04C3-45BF-AFFD-CE2DC38DDA36}"
EndProject
Project("{FAE04EC0-301F-11D3-BF4B-00C04F79EFBC}") = "SvaSorcery.Patterns.Enterprise.Presentation.TemplateView", "Enterprise\Presentation\SvaSorcery.Patterns.Enterprise.Presentation.TemplateView\SvaSorcery.Patterns.Enterprise.Presentation.TemplateView.csproj", "{92CE0F0C-8A09-4657-8F33-F3FD208AF8E7}"
EndProject
Project("{9A19103F-16F7-4668-BE54-9A1E7A4F7556}") = "SvaSorcery.Patterns.Enterprise.Presentation.TwoStepView", "Enterprise\Presentation\SvaSorcery.Patterns.Enterprise.Presentation.TwoStepView\SvaSorcery.Patterns.Enterprise.Presentation.TwoStepView.csproj", "{70432186-2592-488C-9B0E-E0D6A5894B1E}"
EndProject
Global
	GlobalSection(SolutionConfigurationPlatforms) = preSolution
		Debug|Any CPU = Debug|Any CPU
		Release|Any CPU = Release|Any CPU
	EndGlobalSection
	GlobalSection(ProjectConfigurationPlatforms) = postSolution
		{43F77D8B-A080-4396-B29C-5D54C4D5C6C3}.Debug|Any CPU.ActiveCfg = Debug|Any CPU
		{43F77D8B-A080-4396-B29C-5D54C4D5C6C3}.Debug|Any CPU.Build.0 = Debug|Any CPU
		{43F77D8B-A080-4396-B29C-5D54C4D5C6C3}.Release|Any CPU.ActiveCfg = Release|Any CPU
		{43F77D8B-A080-4396-B29C-5D54C4D5C6C3}.Release|Any CPU.Build.0 = Release|Any CPU
		{84632468-9DB5-4FF8-AA4A-ED123DDC5DD4}.Debug|Any CPU.ActiveCfg = Debug|Any CPU
		{84632468-9DB5-4FF8-AA4A-ED123DDC5DD4}.Debug|Any CPU.Build.0 = Debug|Any CPU
		{84632468-9DB5-4FF8-AA4A-ED123DDC5DD4}.Release|Any CPU.ActiveCfg = Release|Any CPU
		{84632468-9DB5-4FF8-AA4A-ED123DDC5DD4}.Release|Any CPU.Build.0 = Release|Any CPU
		{C11690CD-1D2C-4FED-B49E-3FF6E080BE83}.Debug|Any CPU.ActiveCfg = Debug|Any CPU
		{C11690CD-1D2C-4FED-B49E-3FF6E080BE83}.Debug|Any CPU.Build.0 = Debug|Any CPU
		{C11690CD-1D2C-4FED-B49E-3FF6E080BE83}.Release|Any CPU.ActiveCfg = Release|Any CPU
		{C11690CD-1D2C-4FED-B49E-3FF6E080BE83}.Release|Any CPU.Build.0 = Release|Any CPU
		{F33F7645-3ABE-4EF3-AC54-5BD0B0C82879}.Debug|Any CPU.ActiveCfg = Debug|Any CPU
		{F33F7645-3ABE-4EF3-AC54-5BD0B0C82879}.Debug|Any CPU.Build.0 = Debug|Any CPU
		{F33F7645-3ABE-4EF3-AC54-5BD0B0C82879}.Release|Any CPU.ActiveCfg = Release|Any CPU
		{F33F7645-3ABE-4EF3-AC54-5BD0B0C82879}.Release|Any CPU.Build.0 = Release|Any CPU
		{B673F91C-4E95-45DE-BA2C-E6C2E6B1D25E}.Debug|Any CPU.ActiveCfg = Debug|Any CPU
		{B673F91C-4E95-45DE-BA2C-E6C2E6B1D25E}.Debug|Any CPU.Build.0 = Debug|Any CPU
		{B673F91C-4E95-45DE-BA2C-E6C2E6B1D25E}.Release|Any CPU.ActiveCfg = Release|Any CPU
		{B673F91C-4E95-45DE-BA2C-E6C2E6B1D25E}.Release|Any CPU.Build.0 = Release|Any CPU
		{16F67DFC-9416-49F7-AB2F-42ADC55C8238}.Debug|Any CPU.ActiveCfg = Debug|Any CPU
		{16F67DFC-9416-49F7-AB2F-42ADC55C8238}.Debug|Any CPU.Build.0 = Debug|Any CPU
		{16F67DFC-9416-49F7-AB2F-42ADC55C8238}.Release|Any CPU.ActiveCfg = Release|Any CPU
		{16F67DFC-9416-49F7-AB2F-42ADC55C8238}.Release|Any CPU.Build.0 = Release|Any CPU
		{7D650DF2-AD3A-42A2-8A13-53CED882B07D}.Debug|Any CPU.ActiveCfg = Debug|Any CPU
		{7D650DF2-AD3A-42A2-8A13-53CED882B07D}.Debug|Any CPU.Build.0 = Debug|Any CPU
		{7D650DF2-AD3A-42A2-8A13-53CED882B07D}.Release|Any CPU.ActiveCfg = Release|Any CPU
		{7D650DF2-AD3A-42A2-8A13-53CED882B07D}.Release|Any CPU.Build.0 = Release|Any CPU
		{D5DA5377-8F87-4118-81C0-ED0F6C4C27A6}.Debug|Any CPU.ActiveCfg = Debug|Any CPU
		{D5DA5377-8F87-4118-81C0-ED0F6C4C27A6}.Debug|Any CPU.Build.0 = Debug|Any CPU
		{D5DA5377-8F87-4118-81C0-ED0F6C4C27A6}.Release|Any CPU.ActiveCfg = Release|Any CPU
		{D5DA5377-8F87-4118-81C0-ED0F6C4C27A6}.Release|Any CPU.Build.0 = Release|Any CPU
		{0055945A-1936-41B4-9D2E-93975E1B3637}.Debug|Any CPU.ActiveCfg = Debug|Any CPU
		{0055945A-1936-41B4-9D2E-93975E1B3637}.Debug|Any CPU.Build.0 = Debug|Any CPU
		{0055945A-1936-41B4-9D2E-93975E1B3637}.Release|Any CPU.ActiveCfg = Release|Any CPU
		{0055945A-1936-41B4-9D2E-93975E1B3637}.Release|Any CPU.Build.0 = Release|Any CPU
		{1D1F63B4-5DFF-4E19-B59A-0E2798717865}.Debug|Any CPU.ActiveCfg = Debug|Any CPU
		{1D1F63B4-5DFF-4E19-B59A-0E2798717865}.Debug|Any CPU.Build.0 = Debug|Any CPU
		{1D1F63B4-5DFF-4E19-B59A-0E2798717865}.Release|Any CPU.ActiveCfg = Release|Any CPU
		{1D1F63B4-5DFF-4E19-B59A-0E2798717865}.Release|Any CPU.Build.0 = Release|Any CPU
		{28575C8C-3CFD-4BD9-9D85-ED2211C0C43A}.Debug|Any CPU.ActiveCfg = Debug|Any CPU
		{28575C8C-3CFD-4BD9-9D85-ED2211C0C43A}.Debug|Any CPU.Build.0 = Debug|Any CPU
		{28575C8C-3CFD-4BD9-9D85-ED2211C0C43A}.Release|Any CPU.ActiveCfg = Release|Any CPU
		{28575C8C-3CFD-4BD9-9D85-ED2211C0C43A}.Release|Any CPU.Build.0 = Release|Any CPU
		{FA90BD61-8D59-4E4C-9A60-1617C2D806FE}.Debug|Any CPU.ActiveCfg = Debug|Any CPU
		{FA90BD61-8D59-4E4C-9A60-1617C2D806FE}.Debug|Any CPU.Build.0 = Debug|Any CPU
		{FA90BD61-8D59-4E4C-9A60-1617C2D806FE}.Release|Any CPU.ActiveCfg = Release|Any CPU
		{FA90BD61-8D59-4E4C-9A60-1617C2D806FE}.Release|Any CPU.Build.0 = Release|Any CPU
		{04EE967F-9EB4-4B9C-B013-7F619335B4A8}.Debug|Any CPU.ActiveCfg = Debug|Any CPU
		{04EE967F-9EB4-4B9C-B013-7F619335B4A8}.Debug|Any CPU.Build.0 = Debug|Any CPU
		{04EE967F-9EB4-4B9C-B013-7F619335B4A8}.Release|Any CPU.ActiveCfg = Release|Any CPU
		{04EE967F-9EB4-4B9C-B013-7F619335B4A8}.Release|Any CPU.Build.0 = Release|Any CPU
		{F40D5904-824F-4EF1-9C22-FCA25171FA12}.Debug|Any CPU.ActiveCfg = Debug|Any CPU
		{F40D5904-824F-4EF1-9C22-FCA25171FA12}.Debug|Any CPU.Build.0 = Debug|Any CPU
		{F40D5904-824F-4EF1-9C22-FCA25171FA12}.Release|Any CPU.ActiveCfg = Release|Any CPU
		{F40D5904-824F-4EF1-9C22-FCA25171FA12}.Release|Any CPU.Build.0 = Release|Any CPU
		{8426E3D8-A976-4D32-8D67-3AECFCB3EBB1}.Debug|Any CPU.ActiveCfg = Debug|Any CPU
		{8426E3D8-A976-4D32-8D67-3AECFCB3EBB1}.Debug|Any CPU.Build.0 = Debug|Any CPU
		{8426E3D8-A976-4D32-8D67-3AECFCB3EBB1}.Release|Any CPU.ActiveCfg = Release|Any CPU
		{8426E3D8-A976-4D32-8D67-3AECFCB3EBB1}.Release|Any CPU.Build.0 = Release|Any CPU
		{DAD7B6A3-7D38-4AB9-A095-B5B299F73255}.Debug|Any CPU.ActiveCfg = Debug|Any CPU
		{DAD7B6A3-7D38-4AB9-A095-B5B299F73255}.Debug|Any CPU.Build.0 = Debug|Any CPU
		{DAD7B6A3-7D38-4AB9-A095-B5B299F73255}.Release|Any CPU.ActiveCfg = Release|Any CPU
		{DAD7B6A3-7D38-4AB9-A095-B5B299F73255}.Release|Any CPU.Build.0 = Release|Any CPU
		{8EA6E586-576F-43F6-B79B-F3DDDE7ADB70}.Debug|Any CPU.ActiveCfg = Debug|Any CPU
		{8EA6E586-576F-43F6-B79B-F3DDDE7ADB70}.Debug|Any CPU.Build.0 = Debug|Any CPU
		{8EA6E586-576F-43F6-B79B-F3DDDE7ADB70}.Release|Any CPU.ActiveCfg = Release|Any CPU
		{8EA6E586-576F-43F6-B79B-F3DDDE7ADB70}.Release|Any CPU.Build.0 = Release|Any CPU
		{C9AE0453-E3FA-461E-9265-4C8D710626DB}.Debug|Any CPU.ActiveCfg = Debug|Any CPU
		{C9AE0453-E3FA-461E-9265-4C8D710626DB}.Debug|Any CPU.Build.0 = Debug|Any CPU
		{C9AE0453-E3FA-461E-9265-4C8D710626DB}.Release|Any CPU.ActiveCfg = Release|Any CPU
		{C9AE0453-E3FA-461E-9265-4C8D710626DB}.Release|Any CPU.Build.0 = Release|Any CPU
		{205B8353-0785-4F82-B070-05C40E483011}.Debug|Any CPU.ActiveCfg = Debug|Any CPU
		{205B8353-0785-4F82-B070-05C40E483011}.Debug|Any CPU.Build.0 = Debug|Any CPU
		{205B8353-0785-4F82-B070-05C40E483011}.Release|Any CPU.ActiveCfg = Release|Any CPU
		{205B8353-0785-4F82-B070-05C40E483011}.Release|Any CPU.Build.0 = Release|Any CPU
		{85537BF3-384F-44F9-9502-0B394A857607}.Debug|Any CPU.ActiveCfg = Debug|Any CPU
		{85537BF3-384F-44F9-9502-0B394A857607}.Debug|Any CPU.Build.0 = Debug|Any CPU
		{85537BF3-384F-44F9-9502-0B394A857607}.Release|Any CPU.ActiveCfg = Release|Any CPU
		{85537BF3-384F-44F9-9502-0B394A857607}.Release|Any CPU.Build.0 = Release|Any CPU
		{900A531E-D159-44B8-AB44-88E2D75AAD60}.Debug|Any CPU.ActiveCfg = Debug|Any CPU
		{900A531E-D159-44B8-AB44-88E2D75AAD60}.Debug|Any CPU.Build.0 = Debug|Any CPU
		{900A531E-D159-44B8-AB44-88E2D75AAD60}.Release|Any CPU.ActiveCfg = Release|Any CPU
		{900A531E-D159-44B8-AB44-88E2D75AAD60}.Release|Any CPU.Build.0 = Release|Any CPU
		{A2B31CBA-F182-41D4-8305-15B7E31B79EE}.Debug|Any CPU.ActiveCfg = Debug|Any CPU
		{A2B31CBA-F182-41D4-8305-15B7E31B79EE}.Debug|Any CPU.Build.0 = Debug|Any CPU
		{A2B31CBA-F182-41D4-8305-15B7E31B79EE}.Release|Any CPU.ActiveCfg = Release|Any CPU
		{A2B31CBA-F182-41D4-8305-15B7E31B79EE}.Release|Any CPU.Build.0 = Release|Any CPU
		{0C51C85F-9AC7-4913-9873-4FC1A42ADF13}.Debug|Any CPU.ActiveCfg = Debug|Any CPU
		{0C51C85F-9AC7-4913-9873-4FC1A42ADF13}.Debug|Any CPU.Build.0 = Debug|Any CPU
		{0C51C85F-9AC7-4913-9873-4FC1A42ADF13}.Release|Any CPU.ActiveCfg = Release|Any CPU
		{0C51C85F-9AC7-4913-9873-4FC1A42ADF13}.Release|Any CPU.Build.0 = Release|Any CPU
		{7900A50D-4121-48B1-A9CC-5F0C13E4A0A7}.Debug|Any CPU.ActiveCfg = Debug|Any CPU
		{7900A50D-4121-48B1-A9CC-5F0C13E4A0A7}.Debug|Any CPU.Build.0 = Debug|Any CPU
		{7900A50D-4121-48B1-A9CC-5F0C13E4A0A7}.Release|Any CPU.ActiveCfg = Release|Any CPU
		{7900A50D-4121-48B1-A9CC-5F0C13E4A0A7}.Release|Any CPU.Build.0 = Release|Any CPU
		{4C494BEA-59A5-4627-8426-A7E813265292}.Debug|Any CPU.ActiveCfg = Debug|Any CPU
		{4C494BEA-59A5-4627-8426-A7E813265292}.Debug|Any CPU.Build.0 = Debug|Any CPU
		{4C494BEA-59A5-4627-8426-A7E813265292}.Release|Any CPU.ActiveCfg = Release|Any CPU
		{4C494BEA-59A5-4627-8426-A7E813265292}.Release|Any CPU.Build.0 = Release|Any CPU
		{E7F2DBFA-F363-45A9-9454-243906092812}.Debug|Any CPU.ActiveCfg = Debug|Any CPU
		{E7F2DBFA-F363-45A9-9454-243906092812}.Debug|Any CPU.Build.0 = Debug|Any CPU
		{E7F2DBFA-F363-45A9-9454-243906092812}.Release|Any CPU.ActiveCfg = Release|Any CPU
		{E7F2DBFA-F363-45A9-9454-243906092812}.Release|Any CPU.Build.0 = Release|Any CPU
		{D9A38421-3728-40CF-BF10-2A016585F115}.Debug|Any CPU.ActiveCfg = Debug|Any CPU
		{D9A38421-3728-40CF-BF10-2A016585F115}.Debug|Any CPU.Build.0 = Debug|Any CPU
		{D9A38421-3728-40CF-BF10-2A016585F115}.Release|Any CPU.ActiveCfg = Release|Any CPU
		{D9A38421-3728-40CF-BF10-2A016585F115}.Release|Any CPU.Build.0 = Release|Any CPU
		{AE891D0E-04C3-45BF-AFFD-CE2DC38DDA36}.Debug|Any CPU.ActiveCfg = Debug|Any CPU
		{AE891D0E-04C3-45BF-AFFD-CE2DC38DDA36}.Debug|Any CPU.Build.0 = Debug|Any CPU
		{AE891D0E-04C3-45BF-AFFD-CE2DC38DDA36}.Release|Any CPU.ActiveCfg = Release|Any CPU
		{AE891D0E-04C3-45BF-AFFD-CE2DC38DDA36}.Release|Any CPU.Build.0 = Release|Any CPU
		{92CE0F0C-8A09-4657-8F33-F3FD208AF8E7}.Debug|Any CPU.ActiveCfg = Debug|Any CPU
		{92CE0F0C-8A09-4657-8F33-F3FD208AF8E7}.Debug|Any CPU.Build.0 = Debug|Any CPU
		{92CE0F0C-8A09-4657-8F33-F3FD208AF8E7}.Release|Any CPU.ActiveCfg = Release|Any CPU
		{92CE0F0C-8A09-4657-8F33-F3FD208AF8E7}.Release|Any CPU.Build.0 = Release|Any CPU
		{70432186-2592-488C-9B0E-E0D6A5894B1E}.Debug|Any CPU.ActiveCfg = Debug|Any CPU
		{70432186-2592-488C-9B0E-E0D6A5894B1E}.Debug|Any CPU.Build.0 = Debug|Any CPU
		{70432186-2592-488C-9B0E-E0D6A5894B1E}.Release|Any CPU.ActiveCfg = Release|Any CPU
		{70432186-2592-488C-9B0E-E0D6A5894B1E}.Release|Any CPU.Build.0 = Release|Any CPU
	EndGlobalSection
	GlobalSection(SolutionProperties) = preSolution
		HideSolutionNode = FALSE
	EndGlobalSection
	GlobalSection(NestedProjects) = preSolution
		{CA087C6A-A47B-4CE1-A44E-B1BA398EB08D} = {8BCE6C94-2E38-4D36-8BB2-48932E234049}
		{FB1A7E4B-3E9B-46C6-9FC9-89E9ADC16649} = {CA087C6A-A47B-4CE1-A44E-B1BA398EB08D}
		{43F77D8B-A080-4396-B29C-5D54C4D5C6C3} = {FB1A7E4B-3E9B-46C6-9FC9-89E9ADC16649}
		{A058E02B-EB04-4FB3-BB6F-96BC85282E22} = {CA087C6A-A47B-4CE1-A44E-B1BA398EB08D}
		{84632468-9DB5-4FF8-AA4A-ED123DDC5DD4} = {A058E02B-EB04-4FB3-BB6F-96BC85282E22}
		{C11690CD-1D2C-4FED-B49E-3FF6E080BE83} = {A058E02B-EB04-4FB3-BB6F-96BC85282E22}
		{F33F7645-3ABE-4EF3-AC54-5BD0B0C82879} = {A058E02B-EB04-4FB3-BB6F-96BC85282E22}
		{2AAF5EE5-B605-4F3A-931B-9F8B0B540E5A} = {8BCE6C94-2E38-4D36-8BB2-48932E234049}
		{55D3F155-294D-47C6-B1F4-2234BCEE918C} = {D9E12D80-52EF-4768-94D0-4AC98912C88B}
		{C8E260AD-CB89-4818-ACA0-DD11B071A0F0} = {D9E12D80-52EF-4768-94D0-4AC98912C88B}
		{B673F91C-4E95-45DE-BA2C-E6C2E6B1D25E} = {C8E260AD-CB89-4818-ACA0-DD11B071A0F0}
		{16F67DFC-9416-49F7-AB2F-42ADC55C8238} = {C8E260AD-CB89-4818-ACA0-DD11B071A0F0}
		{D0475AE3-E8CA-48D3-91C7-985F9A06C12D} = {D9E12D80-52EF-4768-94D0-4AC98912C88B}
		{7D650DF2-AD3A-42A2-8A13-53CED882B07D} = {D0475AE3-E8CA-48D3-91C7-985F9A06C12D}
		{D5DA5377-8F87-4118-81C0-ED0F6C4C27A6} = {D0475AE3-E8CA-48D3-91C7-985F9A06C12D}
		{0055945A-1936-41B4-9D2E-93975E1B3637} = {D0475AE3-E8CA-48D3-91C7-985F9A06C12D}
		{1D1F63B4-5DFF-4E19-B59A-0E2798717865} = {D0475AE3-E8CA-48D3-91C7-985F9A06C12D}
		{28575C8C-3CFD-4BD9-9D85-ED2211C0C43A} = {2AAF5EE5-B605-4F3A-931B-9F8B0B540E5A}
		{FA90BD61-8D59-4E4C-9A60-1617C2D806FE} = {55D3F155-294D-47C6-B1F4-2234BCEE918C}
		{88EECD4E-DF4D-4E1E-ADC5-F00D9BBD0522} = {D9E12D80-52EF-4768-94D0-4AC98912C88B}
		{04EE967F-9EB4-4B9C-B013-7F619335B4A8} = {88EECD4E-DF4D-4E1E-ADC5-F00D9BBD0522}
		{F40D5904-824F-4EF1-9C22-FCA25171FA12} = {88EECD4E-DF4D-4E1E-ADC5-F00D9BBD0522}
		{8426E3D8-A976-4D32-8D67-3AECFCB3EBB1} = {88EECD4E-DF4D-4E1E-ADC5-F00D9BBD0522}
		{24A98A43-08D3-448A-B440-2ECE569BD753} = {D9E12D80-52EF-4768-94D0-4AC98912C88B}
		{DAD7B6A3-7D38-4AB9-A095-B5B299F73255} = {24A98A43-08D3-448A-B440-2ECE569BD753}
		{8EA6E586-576F-43F6-B79B-F3DDDE7ADB70} = {24A98A43-08D3-448A-B440-2ECE569BD753}
		{C9AE0453-E3FA-461E-9265-4C8D710626DB} = {24A98A43-08D3-448A-B440-2ECE569BD753}
		{205B8353-0785-4F82-B070-05C40E483011} = {24A98A43-08D3-448A-B440-2ECE569BD753}
		{85537BF3-384F-44F9-9502-0B394A857607} = {24A98A43-08D3-448A-B440-2ECE569BD753}
		{8C0E7B37-D4C0-4B26-9CFE-B19AF8FB6B62} = {D9E12D80-52EF-4768-94D0-4AC98912C88B}
		{900A531E-D159-44B8-AB44-88E2D75AAD60} = {8C0E7B37-D4C0-4B26-9CFE-B19AF8FB6B62}
		{A2B31CBA-F182-41D4-8305-15B7E31B79EE} = {8C0E7B37-D4C0-4B26-9CFE-B19AF8FB6B62}
		{0C51C85F-9AC7-4913-9873-4FC1A42ADF13} = {8C0E7B37-D4C0-4B26-9CFE-B19AF8FB6B62}
		{51A0BEEE-83BD-4B18-9FC7-32458AD7A44F} = {D9E12D80-52EF-4768-94D0-4AC98912C88B}
		{7900A50D-4121-48B1-A9CC-5F0C13E4A0A7} = {51A0BEEE-83BD-4B18-9FC7-32458AD7A44F}
		{4C494BEA-59A5-4627-8426-A7E813265292} = {51A0BEEE-83BD-4B18-9FC7-32458AD7A44F}
		{E7F2DBFA-F363-45A9-9454-243906092812} = {51A0BEEE-83BD-4B18-9FC7-32458AD7A44F}
		{D9A38421-3728-40CF-BF10-2A016585F115} = {51A0BEEE-83BD-4B18-9FC7-32458AD7A44F}
		{AE891D0E-04C3-45BF-AFFD-CE2DC38DDA36} = {51A0BEEE-83BD-4B18-9FC7-32458AD7A44F}
		{92CE0F0C-8A09-4657-8F33-F3FD208AF8E7} = {51A0BEEE-83BD-4B18-9FC7-32458AD7A44F}
		{70432186-2592-488C-9B0E-E0D6A5894B1E} = {51A0BEEE-83BD-4B18-9FC7-32458AD7A44F}
	EndGlobalSection
	GlobalSection(ExtensibilityGlobals) = postSolution
		SolutionGuid = {A5BAD837-76BF-4480-B317-7525526A0C26}
	EndGlobalSection
EndGlobal
